
Microsoft Visual Studio Solution File, Format Version 12.00
# Visual Studio Version 17
VisualStudioVersion = 17.2.32630.192
MinimumVisualStudioVersion = 10.0.40219.1
Project("{FAE04EC0-301F-11D3-BF4B-00C04F79EFBC}") = "Gestion_Employes", "Gestion_Employes\Gestion_Employes.csproj", "{6BE3F4B3-576D-48A1-9CE0-C6DF4EBA80A1}"
EndProject
Global
	GlobalSection(SolutionConfigurationPlatforms) = preSolution
		Debug|Any CPU = Debug|Any CPU
		Release|Any CPU = Release|Any CPU
	EndGlobalSection
	GlobalSection(ProjectConfigurationPlatforms) = postSolution
		{6BE3F4B3-576D-48A1-9CE0-C6DF4EBA80A1}.Debug|Any CPU.ActiveCfg = Debug|Any CPU
		{6BE3F4B3-576D-48A1-9CE0-C6DF4EBA80A1}.Debug|Any CPU.Build.0 = Debug|Any CPU
		{6BE3F4B3-576D-48A1-9CE0-C6DF4EBA80A1}.Release|Any CPU.ActiveCfg = Release|Any CPU
		{6BE3F4B3-576D-48A1-9CE0-C6DF4EBA80A1}.Release|Any CPU.Build.0 = Release|Any CPU
	EndGlobalSection
	GlobalSection(SolutionProperties) = preSolution
		HideSolutionNode = FALSE
	EndGlobalSection
	GlobalSection(ExtensibilityGlobals) = postSolution
		SolutionGuid = {FD8082B2-0F99-4A79-A154-B5A9C2A7144D}
	EndGlobalSection
EndGlobal
